<?xml version="1.0" encoding="utf-8"?>
<Project ToolsVersion="4.0" xmlns="http://schemas.microsoft.com/developer/msbuild/2003">
  <ItemGroup>
    <Filter Include="Platform">
      <UniqueIdentifier>{2AC788B4-1694-E3BF-3FAD-D1672BD9184E}</UniqueIdentifier>
    </Filter>
    <Filter Include="Platform\Windows">
      <UniqueIdentifier>{64FBD71A-50F4-F66C-7926-DCF1657ED678}</UniqueIdentifier>
    </Filter>
    <Filter Include="VulkanPlayground">
      <UniqueIdentifier>{1B76BFC4-076F-DE16-30A1-C39B1CF9BD22}</UniqueIdentifier>
    </Filter>
    <Filter Include="VulkanPlayground\Events">
      <UniqueIdentifier>{9FD56526-0B0D-AEBD-1417-12E180CDD4B6}</UniqueIdentifier>
    </Filter>
  </ItemGroup>
  <ItemGroup>
    <ClInclude Include="src\Platform\Windows\WindowsWindow.hpp">
      <Filter>Platform\Windows</Filter>
    </ClInclude>
    <ClInclude Include="src\VulkanPlayground.hpp" />
    <ClInclude Include="src\VulkanPlayground\Application.hpp">
      <Filter>VulkanPlayground</Filter>
    </ClInclude>
    <ClInclude Include="src\VulkanPlayground\Core.hpp">
      <Filter>VulkanPlayground</Filter>
    </ClInclude>
    <ClInclude Include="src\VulkanPlayground\EntryPoint.hpp">
      <Filter>VulkanPlayground</Filter>
    </ClInclude>
    <ClInclude Include="src\VulkanPlayground\Events\ApplicationEvent.hpp">
      <Filter>VulkanPlayground\Events</Filter>
    </ClInclude>
    <ClInclude Include="src\VulkanPlayground\Events\Event.hpp">
      <Filter>VulkanPlayground\Events</Filter>
    </ClInclude>
    <ClInclude Include="src\VulkanPlayground\Events\KeyEvent.hpp">
      <Filter>VulkanPlayground\Events</Filter>
    </ClInclude>
    <ClInclude Include="src\VulkanPlayground\Events\MouseEvent.hpp">
      <Filter>VulkanPlayground\Events</Filter>
    </ClInclude>
    <ClInclude Include="src\VulkanPlayground\Log.hpp">
      <Filter>VulkanPlayground</Filter>
    </ClInclude>
    <ClInclude Include="src\VulkanPlayground\Window.hpp">
      <Filter>VulkanPlayground</Filter>
    </ClInclude>
    <ClInclude Include="src\pch.hpp" />
    <ClInclude Include="src\VulkanPlayground\Core\Instance.hpp" />
  </ItemGroup>
  <ItemGroup>
    <ClCompile Include="src\Platform\Windows\WindowsWindow.cpp">
      <Filter>Platform\Windows</Filter>
    </ClCompile>
    <ClCompile Include="src\VulkanPlayground\Application.cpp">
      <Filter>VulkanPlayground</Filter>
    </ClCompile>
    <ClCompile Include="src\VulkanPlayground\Log.cpp">
      <Filter>VulkanPlayground</Filter>
    </ClCompile>
    <ClCompile Include="src\pch.cpp" />
    <ClCompile Include="src\VulkanPlayground\Core\Instance.cpp" />
  </ItemGroup>
</Project>