
Microsoft Visual Studio Solution File, Format Version 12.00
# Visual Studio Version 17
VisualStudioVersion = 17.3.32929.385
MinimumVisualStudioVersion = 10.0.40219.1
Project("{8BC9CEB8-8B4A-11D0-8D11-00A0C91BC942}") = "sandobx", "sandobx\sandobx.vcxproj", "{0914366F-48CF-4F0C-9137-C1CF1CF11023}"
EndProject
Project("{8BC9CEB8-8B4A-11D0-8D11-00A0C91BC942}") = "vulkan-playground", "vulkan-playground\vulkan-playground.vcxproj", "{B7FC75CC-DFA9-4696-BBF9-EFEECBBE3DE4}"
EndProject
Global
	GlobalSection(SolutionConfigurationPlatforms) = preSolution
		Debug|x64 = Debug|x64
		Release|x64 = Release|x64
	EndGlobalSection
	GlobalSection(ProjectConfigurationPlatforms) = postSolution
		{B7FC75CC-DFA9-4696-BBF9-EFEECBBE3DE4}.Debug|x64.ActiveCfg = Debug|x64
		{B7FC75CC-DFA9-4696-BBF9-EFEECBBE3DE4}.Debug|x64.Build.0 = Debug|x64
		{B7FC75CC-DFA9-4696-BBF9-EFEECBBE3DE4}.Release|x64.ActiveCfg = Release|x64
		{B7FC75CC-DFA9-4696-BBF9-EFEECBBE3DE4}.Release|x64.Build.0 = Release|x64
		{0914366F-48CF-4F0C-9137-C1CF1CF11023}.Debug|x64.ActiveCfg = Debug|x64
		{0914366F-48CF-4F0C-9137-C1CF1CF11023}.Debug|x64.Build.0 = Debug|x64
		{0914366F-48CF-4F0C-9137-C1CF1CF11023}.Release|x64.ActiveCfg = Release|x64
		{0914366F-48CF-4F0C-9137-C1CF1CF11023}.Release|x64.Build.0 = Release|x64
	EndGlobalSection
	GlobalSection(SolutionProperties) = preSolution
		HideSolutionNode = FALSE
	EndGlobalSection
	GlobalSection(ExtensibilityGlobals) = postSolution
		SolutionGuid = {9A747F68-34AB-4F1C-A541-FF3DB9205F09}
	EndGlobalSection
EndGlobal
